
Microsoft Visual Studio Solution File, Format Version 11.00
# Visual Studio 2010
Project("{FAE04EC0-301F-11D3-BF4B-00C04F79EFBC}") = "RacingGame", "Assembly-CSharp.csproj", "{F760AE89-BE88-60DD-B60A-9B4FC79CB972}"
EndProject
Project("{FAE04EC0-301F-11D3-BF4B-00C04F79EFBC}") = "RacingGame", "Assembly-CSharp-firstpass.csproj", "{307E6C8C-1926-21B2-D5B9-F54C256AF37E}"
EndProject
Project("{FAE04EC0-301F-11D3-BF4B-00C04F79EFBC}") = "RacingGame", "Assembly-CSharp-Editor-firstpass.csproj", "{D7AA9B34-7C85-20E7-42B5-1607458898DD}"
EndProject
Project("{FAE04EC0-301F-11D3-BF4B-00C04F79EFBC}") = "RacingGame", "Assembly-CSharp-Editor.csproj", "{AEB475F3-E876-B82F-A41C-0298994083B2}"
EndProject
Global
	GlobalSection(SolutionConfigurationPlatforms) = preSolution
		Debug|Any CPU = Debug|Any CPU
		Release|Any CPU = Release|Any CPU
	EndGlobalSection
	GlobalSection(ProjectConfigurationPlatforms) = postSolution
		{F760AE89-BE88-60DD-B60A-9B4FC79CB972}.Debug|Any CPU.ActiveCfg = Debug|Any CPU
		{F760AE89-BE88-60DD-B60A-9B4FC79CB972}.Debug|Any CPU.Build.0 = Debug|Any CPU
		{F760AE89-BE88-60DD-B60A-9B4FC79CB972}.Release|Any CPU.ActiveCfg = Release|Any CPU
		{F760AE89-BE88-60DD-B60A-9B4FC79CB972}.Release|Any CPU.Build.0 = Release|Any CPU
		{307E6C8C-1926-21B2-D5B9-F54C256AF37E}.Debug|Any CPU.ActiveCfg = Debug|Any CPU
		{307E6C8C-1926-21B2-D5B9-F54C256AF37E}.Debug|Any CPU.Build.0 = Debug|Any CPU
		{307E6C8C-1926-21B2-D5B9-F54C256AF37E}.Release|Any CPU.ActiveCfg = Release|Any CPU
		{307E6C8C-1926-21B2-D5B9-F54C256AF37E}.Release|Any CPU.Build.0 = Release|Any CPU
		{D7AA9B34-7C85-20E7-42B5-1607458898DD}.Debug|Any CPU.ActiveCfg = Debug|Any CPU
		{D7AA9B34-7C85-20E7-42B5-1607458898DD}.Debug|Any CPU.Build.0 = Debug|Any CPU
		{D7AA9B34-7C85-20E7-42B5-1607458898DD}.Release|Any CPU.ActiveCfg = Release|Any CPU
		{D7AA9B34-7C85-20E7-42B5-1607458898DD}.Release|Any CPU.Build.0 = Release|Any CPU
		{AEB475F3-E876-B82F-A41C-0298994083B2}.Debug|Any CPU.ActiveCfg = Debug|Any CPU
		{AEB475F3-E876-B82F-A41C-0298994083B2}.Debug|Any CPU.Build.0 = Debug|Any CPU
		{AEB475F3-E876-B82F-A41C-0298994083B2}.Release|Any CPU.ActiveCfg = Release|Any CPU
		{AEB475F3-E876-B82F-A41C-0298994083B2}.Release|Any CPU.Build.0 = Release|Any CPU
	EndGlobalSection
	GlobalSection(SolutionProperties) = preSolution
		HideSolutionNode = FALSE
	EndGlobalSection
	GlobalSection(MonoDevelopProperties) = preSolution
		StartupItem = Assembly-CSharp.csproj
	EndGlobalSection
EndGlobal
